// !$*UTF8*$!
{
	archiveVersion = 1;
	classes = {
	};
	objectVersion = 46;
	objects = {

/* Begin PBXBuildFile section */
		A6D16121182EB27C00B5C30B /* Foundation.framework in Frameworks */ = {isa = PBXBuildFile; fileRef = A6D16120182EB27C00B5C30B /* Foundation.framework */; };
		A6D16123182EB27C00B5C30B /* CoreGraphics.framework in Frameworks */ = {isa = PBXBuildFile; fileRef = A6D16122182EB27C00B5C30B /* CoreGraphics.framework */; };
		A6D16125182EB27C00B5C30B /* UIKit.framework in Frameworks */ = {isa = PBXBuildFile; fileRef = A6D16124182EB27C00B5C30B /* UIKit.framework */; };
		A6D1612B182EB27C00B5C30B /* InfoPlist.strings in Resources */ = {isa = PBXBuildFile; fileRef = A6D16129182EB27C00B5C30B /* InfoPlist.strings */; };
		A6D1612D182EB27C00B5C30B /* main.m in Sources */ = {isa = PBXBuildFile; fileRef = A6D1612C182EB27C00B5C30B /* main.m */; };
		A6D16131182EB27C00B5C30B /* AppDelegate.m in Sources */ = {isa = PBXBuildFile; fileRef = A6D16130182EB27C00B5C30B /* AppDelegate.m */; };
		A6D16134182EB27C00B5C30B /* Main.storyboard in Resources */ = {isa = PBXBuildFile; fileRef = A6D16132182EB27C00B5C30B /* Main.storyboard */; };
		A6D16137182EB27C00B5C30B /* MasterViewController.m in Sources */ = {isa = PBXBuildFile; fileRef = A6D16136182EB27C00B5C30B /* MasterViewController.m */; };
		A6D1613A182EB27C00B5C30B /* DetailViewController.m in Sources */ = {isa = PBXBuildFile; fileRef = A6D16139182EB27C00B5C30B /* DetailViewController.m */; };
		A6D1613C182EB27D00B5C30B /* Images.xcassets in Resources */ = {isa = PBXBuildFile; fileRef = A6D1613B182EB27D00B5C30B /* Images.xcassets */; };
		A6D16143182EB27D00B5C30B /* XCTest.framework in Frameworks */ = {isa = PBXBuildFile; fileRef = A6D16142182EB27D00B5C30B /* XCTest.framework */; };
		A6D16144182EB27D00B5C30B /* Foundation.framework in Frameworks */ = {isa = PBXBuildFile; fileRef = A6D16120182EB27C00B5C30B /* Foundation.framework */; };
		A6D16145182EB27D00B5C30B /* UIKit.framework in Frameworks */ = {isa = PBXBuildFile; fileRef = A6D16124182EB27C00B5C30B /* UIKit.framework */; };
		A6D1614D182EB27D00B5C30B /* InfoPlist.strings in Resources */ = {isa = PBXBuildFile; fileRef = A6D1614B182EB27D00B5C30B /* InfoPlist.strings */; };
		A6D1614F182EB27D00B5C30B /* TrueFitQuizTests.m in Sources */ = {isa = PBXBuildFile; fileRef = A6D1614E182EB27D00B5C30B /* TrueFitQuizTests.m */; };
/* End PBXBuildFile section */

/* Begin PBXContainerItemProxy section */
		A6D16146182EB27D00B5C30B /* PBXContainerItemProxy */ = {
			isa = PBXContainerItemProxy;
			containerPortal = A6D16115182EB27C00B5C30B /* Project object */;
			proxyType = 1;
			remoteGlobalIDString = A6D1611C182EB27C00B5C30B;
			remoteInfo = TrueFitQuiz;
		};
/* End PBXContainerItemProxy section */

/* Begin PBXFileReference section */
		A6D1611D182EB27C00B5C30B /* TrueFitQuiz.app */ = {isa = PBXFileReference; explicitFileType = wrapper.application; includeInIndex = 0; path = TrueFitQuiz.app; sourceTree = BUILT_PRODUCTS_DIR; };
		A6D16120182EB27C00B5C30B /* Foundation.framework */ = {isa = PBXFileReference; lastKnownFileType = wrapper.framework; name = Foundation.framework; path = System/Library/Frameworks/Foundation.framework; sourceTree = SDKROOT; };
		A6D16122182EB27C00B5C30B /* CoreGraphics.framework */ = {isa = PBXFileReference; lastKnownFileType = wrapper.framework; name = CoreGraphics.framework; path = System/Library/Frameworks/CoreGraphics.framework; sourceTree = SDKROOT; };
		A6D16124182EB27C00B5C30B /* UIKit.framework */ = {isa = PBXFileReference; lastKnownFileType = wrapper.framework; name = UIKit.framework; path = System/Library/Frameworks/UIKit.framework; sourceTree = SDKROOT; };
		A6D16128182EB27C00B5C30B /* TrueFitQuiz-Info.plist */ = {isa = PBXFileReference; lastKnownFileType = text.plist.xml; path = "TrueFitQuiz-Info.plist"; sourceTree = "<group>"; };
		A6D1612A182EB27C00B5C30B /* en */ = {isa = PBXFileReference; lastKnownFileType = text.plist.strings; name = en; path = en.lproj/InfoPlist.strings; sourceTree = "<group>"; };
		A6D1612C182EB27C00B5C30B /* main.m */ = {isa = PBXFileReference; lastKnownFileType = sourcecode.c.objc; path = main.m; sourceTree = "<group>"; };
		A6D1612E182EB27C00B5C30B /* TrueFitQuiz-Prefix.pch */ = {isa = PBXFileReference; lastKnownFileType = sourcecode.c.h; path = "TrueFitQuiz-Prefix.pch"; sourceTree = "<group>"; };
		A6D1612F182EB27C00B5C30B /* AppDelegate.h */ = {isa = PBXFileReference; lastKnownFileType = sourcecode.c.h; path = AppDelegate.h; sourceTree = "<group>"; };
		A6D16130182EB27C00B5C30B /* AppDelegate.m */ = {isa = PBXFileReference; lastKnownFileType = sourcecode.c.objc; path = AppDelegate.m; sourceTree = "<group>"; };
		A6D16133182EB27C00B5C30B /* Base */ = {isa = PBXFileReference; lastKnownFileType = file.storyboard; name = Base; path = Base.lproj/Main.storyboard; sourceTree = "<group>"; };
		A6D16135182EB27C00B5C30B /* MasterViewController.h */ = {isa = PBXFileReference; lastKnownFileType = sourcecode.c.h; path = MasterViewController.h; sourceTree = "<group>"; };
		A6D16136182EB27C00B5C30B /* MasterViewController.m */ = {isa = PBXFileReference; lastKnownFileType = sourcecode.c.objc; path = MasterViewController.m; sourceTree = "<group>"; };
		A6D16138182EB27C00B5C30B /* DetailViewController.h */ = {isa = PBXFileReference; lastKnownFileType = sourcecode.c.h; path = DetailViewController.h; sourceTree = "<group>"; };
		A6D16139182EB27C00B5C30B /* DetailViewController.m */ = {isa = PBXFileReference; lastKnownFileType = sourcecode.c.objc; path = DetailViewController.m; sourceTree = "<group>"; };
		A6D1613B182EB27D00B5C30B /* Images.xcassets */ = {isa = PBXFileReference; lastKnownFileType = folder.assetcatalog; path = Images.xcassets; sourceTree = "<group>"; };
		A6D16141182EB27D00B5C30B /* TrueFitQuizTests.xctest */ = {isa = PBXFileReference; explicitFileType = wrapper.cfbundle; includeInIndex = 0; path = TrueFitQuizTests.xctest; sourceTree = BUILT_PRODUCTS_DIR; };
		A6D16142182EB27D00B5C30B /* XCTest.framework */ = {isa = PBXFileReference; lastKnownFileType = wrapper.framework; name = XCTest.framework; path = Library/Frameworks/XCTest.framework; sourceTree = DEVELOPER_DIR; };
		A6D1614A182EB27D00B5C30B /* TrueFitQuizTests-Info.plist */ = {isa = PBXFileReference; lastKnownFileType = text.plist.xml; path = "TrueFitQuizTests-Info.plist"; sourceTree = "<group>"; };
		A6D1614C182EB27D00B5C30B /* en */ = {isa = PBXFileReference; lastKnownFileType = text.plist.strings; name = en; path = en.lproj/InfoPlist.strings; sourceTree = "<group>"; };
		A6D1614E182EB27D00B5C30B /* TrueFitQuizTests.m */ = {isa = PBXFileReference; lastKnownFileType = sourcecode.c.objc; path = TrueFitQuizTests.m; sourceTree = "<group>"; };
/* End PBXFileReference section */

/* Begin PBXFrameworksBuildPhase section */
		A6D1611A182EB27C00B5C30B /* Frameworks */ = {
			isa = PBXFrameworksBuildPhase;
			buildActionMask = 2147483647;
			files = (
				A6D16123182EB27C00B5C30B /* CoreGraphics.framework in Frameworks */,
				A6D16125182EB27C00B5C30B /* UIKit.framework in Frameworks */,
				A6D16121182EB27C00B5C30B /* Foundation.framework in Frameworks */,
			);
			runOnlyForDeploymentPostprocessing = 0;
		};
		A6D1613E182EB27D00B5C30B /* Frameworks */ = {
			isa = PBXFrameworksBuildPhase;
			buildActionMask = 2147483647;
			files = (
				A6D16143182EB27D00B5C30B /* XCTest.framework in Frameworks */,
				A6D16145182EB27D00B5C30B /* UIKit.framework in Frameworks */,
				A6D16144182EB27D00B5C30B /* Foundation.framework in Frameworks */,
			);
			runOnlyForDeploymentPostprocessing = 0;
		};
/* End PBXFrameworksBuildPhase section */

/* Begin PBXGroup section */
		A6D16114182EB27C00B5C30B = {
			isa = PBXGroup;
			children = (
				A6D16126182EB27C00B5C30B /* TrueFitQuiz */,
				A6D16148182EB27D00B5C30B /* TrueFitQuizTests */,
				A6D1611F182EB27C00B5C30B /* Frameworks */,
				A6D1611E182EB27C00B5C30B /* Products */,
			);
			sourceTree = "<group>";
		};
		A6D1611E182EB27C00B5C30B /* Products */ = {
			isa = PBXGroup;
			children = (
				A6D1611D182EB27C00B5C30B /* TrueFitQuiz.app */,
				A6D16141182EB27D00B5C30B /* TrueFitQuizTests.xctest */,
			);
			name = Products;
			sourceTree = "<group>";
		};
		A6D1611F182EB27C00B5C30B /* Frameworks */ = {
			isa = PBXGroup;
			children = (
				A6D16120182EB27C00B5C30B /* Foundation.framework */,
				A6D16122182EB27C00B5C30B /* CoreGraphics.framework */,
				A6D16124182EB27C00B5C30B /* UIKit.framework */,
				A6D16142182EB27D00B5C30B /* XCTest.framework */,
			);
			name = Frameworks;
			sourceTree = "<group>";
		};
		A6D16126182EB27C00B5C30B /* TrueFitQuiz */ = {
			isa = PBXGroup;
			children = (
				A6D1612F182EB27C00B5C30B /* AppDelegate.h */,
				A6D16130182EB27C00B5C30B /* AppDelegate.m */,
				A6D16132182EB27C00B5C30B /* Main.storyboard */,
				A6D16135182EB27C00B5C30B /* MasterViewController.h */,
				A6D16136182EB27C00B5C30B /* MasterViewController.m */,
				A6D16138182EB27C00B5C30B /* DetailViewController.h */,
				A6D16139182EB27C00B5C30B /* DetailViewController.m */,
				A6D1613B182EB27D00B5C30B /* Images.xcassets */,
				A6D16127182EB27C00B5C30B /* Supporting Files */,
			);
			path = TrueFitQuiz;
			sourceTree = "<group>";
		};
		A6D16127182EB27C00B5C30B /* Supporting Files */ = {
			isa = PBXGroup;
			children = (
				A6D16128182EB27C00B5C30B /* TrueFitQuiz-Info.plist */,
				A6D16129182EB27C00B5C30B /* InfoPlist.strings */,
				A6D1612C182EB27C00B5C30B /* main.m */,
				A6D1612E182EB27C00B5C30B /* TrueFitQuiz-Prefix.pch */,
			);
			name = "Supporting Files";
			sourceTree = "<group>";
		};
		A6D16148182EB27D00B5C30B /* TrueFitQuizTests */ = {
			isa = PBXGroup;
			children = (
				A6D1614E182EB27D00B5C30B /* TrueFitQuizTests.m */,
				A6D16149182EB27D00B5C30B /* Supporting Files */,
			);
			path = TrueFitQuizTests;
			sourceTree = "<group>";
		};
		A6D16149182EB27D00B5C30B /* Supporting Files */ = {
			isa = PBXGroup;
			children = (
				A6D1614A182EB27D00B5C30B /* TrueFitQuizTests-Info.plist */,
				A6D1614B182EB27D00B5C30B /* InfoPlist.strings */,
			);
			name = "Supporting Files";
			sourceTree = "<group>";
		};
/* End PBXGroup section */

/* Begin PBXNativeTarget section */
		A6D1611C182EB27C00B5C30B /* TrueFitQuiz */ = {
			isa = PBXNativeTarget;
			buildConfigurationList = A6D16152182EB27D00B5C30B /* Build configuration list for PBXNativeTarget "TrueFitQuiz" */;
			buildPhases = (
				A6D16119182EB27C00B5C30B /* Sources */,
				A6D1611A182EB27C00B5C30B /* Frameworks */,
				A6D1611B182EB27C00B5C30B /* Resources */,
			);
			buildRules = (
			);
			dependencies = (
			);
			name = TrueFitQuiz;
			productName = TrueFitQuiz;
			productReference = A6D1611D182EB27C00B5C30B /* TrueFitQuiz.app */;
			productType = "com.apple.product-type.application";
		};
		A6D16140182EB27D00B5C30B /* TrueFitQuizTests */ = {
			isa = PBXNativeTarget;
			buildConfigurationList = A6D16155182EB27D00B5C30B /* Build configuration list for PBXNativeTarget "TrueFitQuizTests" */;
			buildPhases = (
				A6D1613D182EB27D00B5C30B /* Sources */,
				A6D1613E182EB27D00B5C30B /* Frameworks */,
				A6D1613F182EB27D00B5C30B /* Resources */,
			);
			buildRules = (
			);
			dependencies = (
				A6D16147182EB27D00B5C30B /* PBXTargetDependency */,
			);
			name = TrueFitQuizTests;
			productName = TrueFitQuizTests;
			productReference = A6D16141182EB27D00B5C30B /* TrueFitQuizTests.xctest */;
			productType = "com.apple.product-type.bundle.unit-test";
		};
/* End PBXNativeTarget section */

/* Begin PBXProject section */
		A6D16115182EB27C00B5C30B /* Project object */ = {
			isa = PBXProject;
			attributes = {
				LastUpgradeCheck = 0500;
				ORGANIZATIONNAME = "Sarah Tran";
				TargetAttributes = {
					A6D16140182EB27D00B5C30B = {
						TestTargetID = A6D1611C182EB27C00B5C30B;
					};
				};
			};
			buildConfigurationList = A6D16118182EB27C00B5C30B /* Build configuration list for PBXProject "TrueFitQuiz" */;
			compatibilityVersion = "Xcode 3.2";
			developmentRegion = English;
			hasScannedForEncodings = 0;
			knownRegions = (
				en,
				Base,
			);
			mainGroup = A6D16114182EB27C00B5C30B;
			productRefGroup = A6D1611E182EB27C00B5C30B /* Products */;
			projectDirPath = "";
			projectRoot = "";
			targets = (
				A6D1611C182EB27C00B5C30B /* TrueFitQuiz */,
				A6D16140182EB27D00B5C30B /* TrueFitQuizTests */,
			);
		};
/* End PBXProject section */

/* Begin PBXResourcesBuildPhase section */
		A6D1611B182EB27C00B5C30B /* Resources */ = {
			isa = PBXResourcesBuildPhase;
			buildActionMask = 2147483647;
			files = (
				A6D1613C182EB27D00B5C30B /* Images.xcassets in Resources */,
				A6D1612B182EB27C00B5C30B /* InfoPlist.strings in Resources */,
				A6D16134182EB27C00B5C30B /* Main.storyboard in Resources */,
			);
			runOnlyForDeploymentPostprocessing = 0;
		};
		A6D1613F182EB27D00B5C30B /* Resources */ = {
			isa = PBXResourcesBuildPhase;
			buildActionMask = 2147483647;
			files = (
				A6D1614D182EB27D00B5C30B /* InfoPlist.strings in Resources */,
			);
			runOnlyForDeploymentPostprocessing = 0;
		};
/* End PBXResourcesBuildPhase section */

/* Begin PBXSourcesBuildPhase section */
		A6D16119182EB27C00B5C30B /* Sources */ = {
			isa = PBXSourcesBuildPhase;
			buildActionMask = 2147483647;
			files = (
				A6D16131182EB27C00B5C30B /* AppDelegate.m in Sources */,
				A6D16137182EB27C00B5C30B /* MasterViewController.m in Sources */,
				A6D1612D182EB27C00B5C30B /* main.m in Sources */,
				A6D1613A182EB27C00B5C30B /* DetailViewController.m in Sources */,
			);
			runOnlyForDeploymentPostprocessing = 0;
		};
		A6D1613D182EB27D00B5C30B /* Sources */ = {
			isa = PBXSourcesBuildPhase;
			buildActionMask = 2147483647;
			files = (
				A6D1614F182EB27D00B5C30B /* TrueFitQuizTests.m in Sources */,
			);
			runOnlyForDeploymentPostprocessing = 0;
		};
/* End PBXSourcesBuildPhase section */

/* Begin PBXTargetDependency section */
		A6D16147182EB27D00B5C30B /* PBXTargetDependency */ = {
			isa = PBXTargetDependency;
			target = A6D1611C182EB27C00B5C30B /* TrueFitQuiz */;
			targetProxy = A6D16146182EB27D00B5C30B /* PBXContainerItemProxy */;
		};
/* End PBXTargetDependency section */

/* Begin PBXVariantGroup section */
		A6D16129182EB27C00B5C30B /* InfoPlist.strings */ = {
			isa = PBXVariantGroup;
			children = (
				A6D1612A182EB27C00B5C30B /* en */,
			);
			name = InfoPlist.strings;
			sourceTree = "<group>";
		};
		A6D16132182EB27C00B5C30B /* Main.storyboard */ = {
			isa = PBXVariantGroup;
			children = (
				A6D16133182EB27C00B5C30B /* Base */,
			);
			name = Main.storyboard;
			sourceTree = "<group>";
		};
		A6D1614B182EB27D00B5C30B /* InfoPlist.strings */ = {
			isa = PBXVariantGroup;
			children = (
				A6D1614C182EB27D00B5C30B /* en */,
			);
			name = InfoPlist.strings;
			sourceTree = "<group>";
		};
/* End PBXVariantGroup section */

/* Begin XCBuildConfiguration section */
		A6D16150182EB27D00B5C30B /* Debug */ = {
			isa = XCBuildConfiguration;
			buildSettings = {
				ALWAYS_SEARCH_USER_PATHS = NO;
				ARCHS = "$(ARCHS_STANDARD_INCLUDING_64_BIT)";
				CLANG_CXX_LANGUAGE_STANDARD = "gnu++0x";
				CLANG_CXX_LIBRARY = "libc++";
				CLANG_ENABLE_MODULES = YES;
				CLANG_ENABLE_OBJC_ARC = YES;
				CLANG_WARN_BOOL_CONVERSION = YES;
				CLANG_WARN_CONSTANT_CONVERSION = YES;
				CLANG_WARN_DIRECT_OBJC_ISA_USAGE = YES_ERROR;
				CLANG_WARN_EMPTY_BODY = YES;
				CLANG_WARN_ENUM_CONVERSION = YES;
				CLANG_WARN_INT_CONVERSION = YES;
				CLANG_WARN_OBJC_ROOT_CLASS = YES_ERROR;
				CLANG_WARN__DUPLICATE_METHOD_MATCH = YES;
				"CODE_SIGN_IDENTITY[sdk=iphoneos*]" = "iPhone Developer";
				COPY_PHASE_STRIP = NO;
				GCC_C_LANGUAGE_STANDARD = gnu99;
				GCC_DYNAMIC_NO_PIC = NO;
				GCC_OPTIMIZATION_LEVEL = 0;
				GCC_PREPROCESSOR_DEFINITIONS = (
					"DEBUG=1",
					"$(inherited)",
				);
				GCC_SYMBOLS_PRIVATE_EXTERN = NO;
				GCC_WARN_64_TO_32_BIT_CONVERSION = YES;
				GCC_WARN_ABOUT_RETURN_TYPE = YES_ERROR;
				GCC_WARN_UNDECLARED_SELECTOR = YES;
				GCC_WARN_UNINITIALIZED_AUTOS = YES;
				GCC_WARN_UNUSED_FUNCTION = YES;
				GCC_WARN_UNUSED_VARIABLE = YES;
				IPHONEOS_DEPLOYMENT_TARGET = 7.0;
				ONLY_ACTIVE_ARCH = YES;
				SDKROOT = iphoneos;
			};
			name = Debug;
		};
		A6D16151182EB27D00B5C30B /* Release */ = {
			isa = XCBuildConfiguration;
			buildSettings = {
				ALWAYS_SEARCH_USER_PATHS = NO;
				ARCHS = "$(ARCHS_STANDARD_INCLUDING_64_BIT)";
				CLANG_CXX_LANGUAGE_STANDARD = "gnu++0x";
				CLANG_CXX_LIBRARY = "libc++";
				CLANG_ENABLE_MODULES = YES;
				CLANG_ENABLE_OBJC_ARC = YES;
				CLANG_WARN_BOOL_CONVERSION = YES;
				CLANG_WARN_CONSTANT_CONVERSION = YES;
				CLANG_WARN_DIRECT_OBJC_ISA_USAGE = YES_ERROR;
				CLANG_WARN_EMPTY_BODY = YES;
				CLANG_WARN_ENUM_CONVERSION = YES;
				CLANG_WARN_INT_CONVERSION = YES;
				CLANG_WARN_OBJC_ROOT_CLASS = YES_ERROR;
				CLANG_WARN__DUPLICATE_METHOD_MATCH = YES;
				"CODE_SIGN_IDENTITY[sdk=iphoneos*]" = "iPhone Developer";
				COPY_PHASE_STRIP = YES;
				ENABLE_NS_ASSERTIONS = NO;
				GCC_C_LANGUAGE_STANDARD = gnu99;
				GCC_WARN_64_TO_32_BIT_CONVERSION = YES;
				GCC_WARN_ABOUT_RETURN_TYPE = YES_ERROR;
				GCC_WARN_UNDECLARED_SELECTOR = YES;
				GCC_WARN_UNINITIALIZED_AUTOS = YES;
				GCC_WARN_UNUSED_FUNCTION = YES;
				GCC_WARN_UNUSED_VARIABLE = YES;
				IPHONEOS_DEPLOYMENT_TARGET = 7.0;
				SDKROOT = iphoneos;
				VALIDATE_PRODUCT = YES;
			};
			name = Release;
		};
		A6D16153182EB27D00B5C30B /* Debug */ = {
			isa = XCBuildConfiguration;
			buildSettings = {
				ASSETCATALOG_COMPILER_APPICON_NAME = AppIcon;
				ASSETCATALOG_COMPILER_LAUNCHIMAGE_NAME = LaunchImage;
				GCC_PRECOMPILE_PREFIX_HEADER = YES;
				GCC_PREFIX_HEADER = "TrueFitQuiz/TrueFitQuiz-Prefix.pch";
				INFOPLIST_FILE = "TrueFitQuiz/TrueFitQuiz-Info.plist";
				PRODUCT_NAME = "$(TARGET_NAME)";
				WRAPPER_EXTENSION = app;
			};
			name = Debug;
		};
		A6D16154182EB27D00B5C30B /* Release */ = {
			isa = XCBuildConfiguration;
			buildSettings = {
				ASSETCATALOG_COMPILER_APPICON_NAME = AppIcon;
				ASSETCATALOG_COMPILER_LAUNCHIMAGE_NAME = LaunchImage;
				GCC_PRECOMPILE_PREFIX_HEADER = YES;
				GCC_PREFIX_HEADER = "TrueFitQuiz/TrueFitQuiz-Prefix.pch";
				INFOPLIST_FILE = "TrueFitQuiz/TrueFitQuiz-Info.plist";
				PRODUCT_NAME = "$(TARGET_NAME)";
				WRAPPER_EXTENSION = app;
			};
			name = Release;
		};
		A6D16156182EB27D00B5C30B /* Debug */ = {
			isa = XCBuildConfiguration;
			buildSettings = {
				ARCHS = "$(ARCHS_STANDARD_INCLUDING_64_BIT)";
				BUNDLE_LOADER = "$(BUILT_PRODUCTS_DIR)/TrueFitQuiz.app/TrueFitQuiz";
				FRAMEWORK_SEARCH_PATHS = (
					"$(SDKROOT)/Developer/Library/Frameworks",
					"$(inherited)",
					"$(DEVELOPER_FRAMEWORKS_DIR)",
				);
				GCC_PRECOMPILE_PREFIX_HEADER = YES;
				GCC_PREFIX_HEADER = "TrueFitQuiz/TrueFitQuiz-Prefix.pch";
				GCC_PREPROCESSOR_DEFINITIONS = (
					"DEBUG=1",
					"$(inherited)",
				);
				INFOPLIST_FILE = "TrueFitQuizTests/TrueFitQuizTests-Info.plist";
				PRODUCT_NAME = "$(TARGET_NAME)";
				TEST_HOST = "$(BUNDLE_LOADER)";
				WRAPPER_EXTENSION = xctest;
			};
			name = Debug;
		};
		A6D16157182EB27D00B5C30B /* Release */ = {
			isa = XCBuildConfiguration;
			buildSettings = {
				ARCHS = "$(ARCHS_STANDARD_INCLUDING_64_BIT)";
				BUNDLE_LOADER = "$(BUILT_PRODUCTS_DIR)/TrueFitQuiz.app/TrueFitQuiz";
				FRAMEWORK_SEARCH_PATHS = (
					"$(SDKROOT)/Developer/Library/Frameworks",
					"$(inherited)",
					"$(DEVELOPER_FRAMEWORKS_DIR)",
				);
				GCC_PRECOMPILE_PREFIX_HEADER = YES;
				GCC_PREFIX_HEADER = "TrueFitQuiz/TrueFitQuiz-Prefix.pch";
				INFOPLIST_FILE = "TrueFitQuizTests/TrueFitQuizTests-Info.plist";
				PRODUCT_NAME = "$(TARGET_NAME)";
				TEST_HOST = "$(BUNDLE_LOADER)";
				WRAPPER_EXTENSION = xctest;
			};
			name = Release;
		};
/* End XCBuildConfiguration section */

/* Begin XCConfigurationList section */
		A6D16118182EB27C00B5C30B /* Build configuration list for PBXProject "TrueFitQuiz" */ = {
			isa = XCConfigurationList;
			buildConfigurations = (
				A6D16150182EB27D00B5C30B /* Debug */,
				A6D16151182EB27D00B5C30B /* Release */,
			);
			defaultConfigurationIsVisible = 0;
			defaultConfigurationName = Release;
		};
		A6D16152182EB27D00B5C30B /* Build configuration list for PBXNativeTarget "TrueFitQuiz" */ = {
			isa = XCConfigurationList;
			buildConfigurations = (
				A6D16153182EB27D00B5C30B /* Debug */,
				A6D16154182EB27D00B5C30B /* Release */,
			);
			defaultConfigurationIsVisible = 0;
		};
		A6D16155182EB27D00B5C30B /* Build configuration list for PBXNativeTarget "TrueFitQuizTests" */ = {
			isa = XCConfigurationList;
			buildConfigurations = (
				A6D16156182EB27D00B5C30B /* Debug */,
				A6D16157182EB27D00B5C30B /* Release */,
			);
			defaultConfigurationIsVisible = 0;
		};
/* End XCConfigurationList section */
	};
	rootObject = A6D16115182EB27C00B5C30B /* Project object */;
}
